{
  "name": "oauth-status-list",
  "version": "0.0.1",
  "lockfileVersion": 3,
  "requires": true,
  "packages": {
    "": {
      "name": "oauth-status-list",
      "version": "0.0.1",
      "dependencies": {
        "@sd-jwt/crypto-nodejs": "^0.7.2",
        "@sd-jwt/sd-jwt-vc": "^0.7.2",
        "@sd-jwt/types": "^0.7.2"
      },
      "devDependencies": {
        "typescript": "^5.5.4"
      }
    },
    "node_modules/@sd-jwt/core": {
      "version": "0.7.2",
      "resolved": "https://registry.npmjs.org/@sd-jwt/core/-/core-0.7.2.tgz",
      "integrity": "sha512-vix1GplUFc1A9H42r/yXkg7cKYthggyqZEwlFdsBbn4xdZNE+AHVF4N7kPa1pPxipwN3UIHd4XnQ5MJV15mhsQ==",
      "dependencies": {
        "@sd-jwt/decode": "0.7.2",
        "@sd-jwt/present": "0.7.2",
        "@sd-jwt/types": "0.7.2",
        "@sd-jwt/utils": "0.7.2"
      },
      "engines": {
        "node": ">=18"
      }
    },
    "node_modules/@sd-jwt/crypto-nodejs": {
      "version": "0.7.2",
      "resolved": "https://registry.npmjs.org/@sd-jwt/crypto-nodejs/-/crypto-nodejs-0.7.2.tgz",
      "integrity": "sha512-7DHy1WBHwvXseiX+U7XA6jX4dX4Ins3Nxd12JhBSm+FJfIwU97FU/H0KlF6lLyi4a4nbY/O6U9wJjYI1PxA9sQ==",
      "engines": {
        "node": ">=18"
      }
    },
    "node_modules/@sd-jwt/decode": {
      "version": "0.7.2",
      "resolved": "https://registry.npmjs.org/@sd-jwt/decode/-/decode-0.7.2.tgz",
      "integrity": "sha512-dan2LSvK63SKwb62031G4r7TE4TaiI0EK1KbPXqS+LCXNkNDUHqhtYp9uOpj+grXceCsMtMa2f8VnUfsjmwHHg==",
      "dependencies": {
        "@sd-jwt/types": "0.7.2",
        "@sd-jwt/utils": "0.7.2"
      },
      "engines": {
        "node": ">=18"
      }
    },
    "node_modules/@sd-jwt/jwt-status-list": {
      "version": "0.7.2",
      "resolved": "https://registry.npmjs.org/@sd-jwt/jwt-status-list/-/jwt-status-list-0.7.2.tgz",
      "integrity": "sha512-o/Mg/Zg21poFsPXuxtPD9sdXq2b/0L+rb9gxU2k1rp1aT+DWmqD0k8v0Ttr2tlMc8l1xXQNA8FLXbL1AdLRmbQ==",
      "dependencies": {
        "@sd-jwt/types": "0.7.2",
        "base64url": "^3.0.1",
        "pako": "^2.1.0"
      },
      "engines": {
        "node": ">=18"
      }
    },
    "node_modules/@sd-jwt/present": {
      "version": "0.7.2",
      "resolved": "https://registry.npmjs.org/@sd-jwt/present/-/present-0.7.2.tgz",
      "integrity": "sha512-mQV85u2+mLLy2VZ9Wx2zpaB6yTDnbhCfWkP7eeCrzJQHBKAAHko8GrylEFmLKewFIcajS/r4lT/zHOsCkp5pZw==",
      "dependencies": {
        "@sd-jwt/decode": "0.7.2",
        "@sd-jwt/types": "0.7.2",
        "@sd-jwt/utils": "0.7.2"
      },
      "engines": {
        "node": ">=18"
      }
    },
    "node_modules/@sd-jwt/sd-jwt-vc": {
      "version": "0.7.2",
      "resolved": "https://registry.npmjs.org/@sd-jwt/sd-jwt-vc/-/sd-jwt-vc-0.7.2.tgz",
      "integrity": "sha512-rryYmnoJHRSNqHcrs0Atta+bfJzU2yT7mYumR2D4lTfxJKWZd0OHHFq57uZSEm/wXPI6uytUJXYbEboCqLUAtw==",
      "dependencies": {
        "@sd-jwt/core": "0.7.2",
        "@sd-jwt/jwt-status-list": "0.7.2",
        "@sd-jwt/utils": "0.7.2"
      },
      "engines": {
        "node": ">=18"
      }
    },
    "node_modules/@sd-jwt/types": {
      "version": "0.7.2",
      "resolved": "https://registry.npmjs.org/@sd-jwt/types/-/types-0.7.2.tgz",
      "integrity": "sha512-1NRKowiW0ZiB9SGLApLPBH4Xk8gDQJ+nA9NdZ+uy6MmJKLEwjuJxO7yTvRIv/jX/0/Ebh339S7Kq4RD2AiFuRg==",
      "engines": {
        "node": ">=18"
      }
    },
    "node_modules/@sd-jwt/utils": {
      "version": "0.7.2",
      "resolved": "https://registry.npmjs.org/@sd-jwt/utils/-/utils-0.7.2.tgz",
      "integrity": "sha512-aMPY7uHRMgyI5PlDvEiIc+eBFGC1EM8OCQRiEjJ8HGN0pajWMYj0qwSw7pS90A49/DsYU1a5Zpvb7nyjgGH0Yg==",
      "dependencies": {
        "@sd-jwt/types": "0.7.2",
        "js-base64": "^3.7.6"
      },
      "engines": {
        "node": ">=18"
      }
    },
    "node_modules/base64url": {
      "version": "3.0.1",
      "resolved": "https://registry.npmjs.org/base64url/-/base64url-3.0.1.tgz",
      "integrity": "sha512-ir1UPr3dkwexU7FdV8qBBbNDRUhMmIekYMFZfi+C/sLNnRESKPl23nB9b2pltqfOQNnGzsDdId90AEtG5tCx4A==",
      "engines": {
        "node": ">=6.0.0"
      }
    },
    "node_modules/js-base64": {
      "version": "3.7.7",
      "resolved": "https://registry.npmjs.org/js-base64/-/js-base64-3.7.7.tgz",
      "integrity": "sha512-7rCnleh0z2CkXhH67J8K1Ytz0b2Y+yxTPL+/KOJoa20hfnVQ/3/T6W/KflYI4bRHRagNeXeU2bkNGI3v1oS/lw=="
    },
    "node_modules/pako": {
      "version": "2.1.0",
      "resolved": "https://registry.npmjs.org/pako/-/pako-2.1.0.tgz",
      "integrity": "sha512-w+eufiZ1WuJYgPXbV/PO3NCMEc3xqylkKHzp8bxp1uW4qaSNQUkwmLLEc3kKsfz8lpV1F8Ht3U1Cm+9Srog2ug=="
    },
    "node_modules/typescript": {
      "version": "5.5.4",
      "resolved": "https://registry.npmjs.org/typescript/-/typescript-5.5.4.tgz",
      "integrity": "sha512-Mtq29sKDAEYP7aljRgtPOpTvOfbwRWlS6dPRzwjdE+C0R4brX/GUyhHSecbHMFLNBLcJIPt9nl9yG5TZ1weH+Q==",
      "dev": true,
      "bin": {
        "tsc": "bin/tsc",
        "tsserver": "bin/tsserver"
      },
      "engines": {
        "node": ">=14.17"
      }
    }
  }
}
